
Microsoft Visual Studio Solution File, Format Version 12.00
# Visual Studio Version 16
VisualStudioVersion = 16.0.30503.244
MinimumVisualStudioVersion = 10.0.40219.1
Project("{FAE04EC0-301F-11D3-BF4B-00C04F79EFBC}") = "AxonAccessMVC", "AxonAccessMVC.csproj", "{E4E216C7-27B9-467D-84DA-08361889BBE9}"
EndProject
Global
	GlobalSection(SolutionConfigurationPlatforms) = preSolution
		Debug|Any CPU = Debug|Any CPU
		Release|Any CPU = Release|Any CPU
	EndGlobalSection
	GlobalSection(ProjectConfigurationPlatforms) = postSolution
		{E4E216C7-27B9-467D-84DA-08361889BBE9}.Debug|Any CPU.ActiveCfg = Debug|Any CPU
		{E4E216C7-27B9-467D-84DA-08361889BBE9}.Debug|Any CPU.Build.0 = Debug|Any CPU
		{E4E216C7-27B9-467D-84DA-08361889BBE9}.Release|Any CPU.ActiveCfg = Release|Any CPU
		{E4E216C7-27B9-467D-84DA-08361889BBE9}.Release|Any CPU.Build.0 = Release|Any CPU
	EndGlobalSection
	GlobalSection(SolutionProperties) = preSolution
		HideSolutionNode = FALSE
	EndGlobalSection
	GlobalSection(ExtensibilityGlobals) = postSolution
		SolutionGuid = {4D107BEB-86A6-4D68-AC10-C7528204A7D9}
	EndGlobalSection
EndGlobal
